dependencies:
  '@fabernovel/heart-api': 'link:../modules/heart-api'
  '@fabernovel/heart-bigquery': 'link:../modules/heart-bigquery'
  '@fabernovel/heart-cli': 'link:../modules/heart-cli'
  '@fabernovel/heart-dareboost': 'link:../modules/heart-dareboost'
  '@fabernovel/heart-observatory': 'link:../modules/heart-observatory'
  '@fabernovel/heart-slack': 'link:../modules/heart-slack'
  '@fabernovel/heart-ssllabs-server': 'link:../modules/heart-ssllabs-server'
lockfileVersion: 5.1
specifiers:
  '@fabernovel/heart-api': 'file:../modules/heart-api'
  '@fabernovel/heart-bigquery': 'file:../modules/heart-bigquery'
  '@fabernovel/heart-cli': 'file:../modules/heart-cli'
  '@fabernovel/heart-dareboost': 'file:../modules/heart-dareboost'
  '@fabernovel/heart-observatory': 'file:../modules/heart-observatory'
  '@fabernovel/heart-slack': 'file:../modules/heart-slack'
  '@fabernovel/heart-ssllabs-server': 'file:../modules/heart-ssllabs-server'
